
Microsoft Visual Studio Solution File, Format Version 12.00
# Visual Studio Version 17
VisualStudioVersion = 17.13.35931.197
MinimumVisualStudioVersion = 10.0.40219.1
Project("{FAE04EC0-301F-11D3-BF4B-00C04F79EFBC}") = "VocaWebApp", "VocaWebApp\VocaWebApp.csproj", "{578ACD61-A6D7-A53F-9C29-38375393B64D}"
EndProject
Global
	GlobalSection(SolutionConfigurationPlatforms) = preSolution
		Debug|Any CPU = Debug|Any CPU
		Release|Any CPU = Release|Any CPU
	EndGlobalSection
	GlobalSection(ProjectConfigurationPlatforms) = postSolution
		{578ACD61-A6D7-A53F-9C29-38375393B64D}.Debug|Any CPU.ActiveCfg = Debug|Any CPU
		{578ACD61-A6D7-A53F-9C29-38375393B64D}.Debug|Any CPU.Build.0 = Debug|Any CPU
		{578ACD61-A6D7-A53F-9C29-38375393B64D}.Release|Any CPU.ActiveCfg = Release|Any CPU
		{578ACD61-A6D7-A53F-9C29-38375393B64D}.Release|Any CPU.Build.0 = Release|Any CPU
	EndGlobalSection
	GlobalSection(SolutionProperties) = preSolution
		HideSolutionNode = FALSE
	EndGlobalSection
	GlobalSection(ExtensibilityGlobals) = postSolution
		SolutionGuid = {96B6D32D-A9EE-4212-B8BD-9C71C0C56E46}
	EndGlobalSection
EndGlobal
